{
  "name": "@sreid90/rdt-spatial-index",
  "version": "0.1.1",
  "lockfileVersion": 3,
  "requires": true,
  "packages": {
    "": {
      "name": "@sreid90/rdt-spatial-index",
      "version": "0.1.1",
      "license": "MIT",
      "bin": {
        "rdt-spatial-index": "src/cli.cjs"
      },
      "engines": {
        "node": ">=18"
      }
    }
  }
}
